payload:
  - DOMAIN-SUFFIX,pgdt.ugdtimg.com
  - DOMAIN-SUFFIX,adsmind.ugdtimg.com
  - DOMAIN-SUFFIX,app-measurement.com
  - DOMAIN-SUFFIX,ctobsnssdk.com
  - DOMAIN-SUFFIX,snssdk.com
  - DOMAIN-SUFFIX,pangolin-sdk-toutiao.com
  - DOMAIN-SUFFIX,pglstatp-toutiao.com
  - DOMAIN-SUFFIX,umengcloud.com
  - DOMAIN-SUFFIX,wsskj520.cn
  - DOMAIN-SUFFIX,umeng.com
  - DOMAIN-SUFFIX,app-measurement.com
  - DOMAIN-SUFFIX,sdk.e.qq.com